
Microsoft Visual Studio Solution File, Format Version 12.00
# Visual Studio Version 17
VisualStudioVersion = 17.8.34525.116
MinimumVisualStudioVersion = 10.0.40219.1
Project("{9A19103F-16F7-4668-BE54-9A1E7A4F7556}") = "WebApi", "src\server\WebApi\WebApi.csproj", "{2C56380B-14E2-4D39-B63C-3395D3961927}"
EndProject
Project("{2150E333-8FDC-42A3-9474-1A3956D46DE8}") = "src", "src", "{080C473B-2824-44C6-8120-4E61270F28D1}"
EndProject
Project("{FAE04EC0-301F-11D3-BF4B-00C04F79EFBC}") = "Domain", "src\server\Domain\Domain.csproj", "{D3B49351-E7B0-4717-A03A-B81C4F421BBB}"
EndProject
Project("{FAE04EC0-301F-11D3-BF4B-00C04F79EFBC}") = "Application", "src\server\Application\Application.csproj", "{273FA921-BF76-4A9D-9623-D1D66F5510AE}"
EndProject
Project("{FAE04EC0-301F-11D3-BF4B-00C04F79EFBC}") = "Infrastructure", "src\server\Infrastructure\Infrastructure.csproj", "{4DD25494-D441-41B8-BDEF-B7266F9DDCC0}"
EndProject
Project("{2150E333-8FDC-42A3-9474-1A3956D46DE8}") = "server", "server", "{FF51674C-42D5-4237-A75D-10EC8D663D0B}"
EndProject
Project("{2150E333-8FDC-42A3-9474-1A3956D46DE8}") = "client", "client", "{D3BFFF8A-3BCC-4C18-A841-E62D0936868A}"
EndProject
Project("{2150E333-8FDC-42A3-9474-1A3956D46DE8}") = "tests", "tests", "{EEECF66D-7C03-4BA4-BDE9-E7A389BD10BC}"
EndProject
Project("{FAE04EC0-301F-11D3-BF4B-00C04F79EFBC}") = "Application.UnitTests", "tests\Application.UnitTests\Application.UnitTests.csproj", "{5506C191-9C44-489C-AE47-4D75E23FAEB3}"
EndProject
Project("{FAE04EC0-301F-11D3-BF4B-00C04F79EFBC}") = "IntegrationTests", "tests\IntegrationTests\IntegrationTests.csproj", "{1A31F4C0-01B1-40D4-B749-F0A122D047BB}"
EndProject
Project("{2150E333-8FDC-42A3-9474-1A3956D46DE8}") = "src", "src", "{CE6979B9-55F7-4D5B-A703-A7453261BB38}"
EndProject
Global
	GlobalSection(SolutionConfigurationPlatforms) = preSolution
		Debug|Any CPU = Debug|Any CPU
		Release|Any CPU = Release|Any CPU
	EndGlobalSection
	GlobalSection(ProjectConfigurationPlatforms) = postSolution
		{2C56380B-14E2-4D39-B63C-3395D3961927}.Debug|Any CPU.ActiveCfg = Debug|Any CPU
		{2C56380B-14E2-4D39-B63C-3395D3961927}.Debug|Any CPU.Build.0 = Debug|Any CPU
		{2C56380B-14E2-4D39-B63C-3395D3961927}.Release|Any CPU.ActiveCfg = Release|Any CPU
		{2C56380B-14E2-4D39-B63C-3395D3961927}.Release|Any CPU.Build.0 = Release|Any CPU
		{D3B49351-E7B0-4717-A03A-B81C4F421BBB}.Debug|Any CPU.ActiveCfg = Debug|Any CPU
		{D3B49351-E7B0-4717-A03A-B81C4F421BBB}.Debug|Any CPU.Build.0 = Debug|Any CPU
		{D3B49351-E7B0-4717-A03A-B81C4F421BBB}.Release|Any CPU.ActiveCfg = Release|Any CPU
		{D3B49351-E7B0-4717-A03A-B81C4F421BBB}.Release|Any CPU.Build.0 = Release|Any CPU
		{273FA921-BF76-4A9D-9623-D1D66F5510AE}.Debug|Any CPU.ActiveCfg = Debug|Any CPU
		{273FA921-BF76-4A9D-9623-D1D66F5510AE}.Debug|Any CPU.Build.0 = Debug|Any CPU
		{273FA921-BF76-4A9D-9623-D1D66F5510AE}.Release|Any CPU.ActiveCfg = Release|Any CPU
		{273FA921-BF76-4A9D-9623-D1D66F5510AE}.Release|Any CPU.Build.0 = Release|Any CPU
		{4DD25494-D441-41B8-BDEF-B7266F9DDCC0}.Debug|Any CPU.ActiveCfg = Debug|Any CPU
		{4DD25494-D441-41B8-BDEF-B7266F9DDCC0}.Debug|Any CPU.Build.0 = Debug|Any CPU
		{4DD25494-D441-41B8-BDEF-B7266F9DDCC0}.Release|Any CPU.ActiveCfg = Release|Any CPU
		{4DD25494-D441-41B8-BDEF-B7266F9DDCC0}.Release|Any CPU.Build.0 = Release|Any CPU
		{5506C191-9C44-489C-AE47-4D75E23FAEB3}.Debug|Any CPU.ActiveCfg = Debug|Any CPU
		{5506C191-9C44-489C-AE47-4D75E23FAEB3}.Debug|Any CPU.Build.0 = Debug|Any CPU
		{5506C191-9C44-489C-AE47-4D75E23FAEB3}.Release|Any CPU.ActiveCfg = Release|Any CPU
		{5506C191-9C44-489C-AE47-4D75E23FAEB3}.Release|Any CPU.Build.0 = Release|Any CPU
		{1A31F4C0-01B1-40D4-B749-F0A122D047BB}.Debug|Any CPU.ActiveCfg = Debug|Any CPU
		{1A31F4C0-01B1-40D4-B749-F0A122D047BB}.Debug|Any CPU.Build.0 = Debug|Any CPU
		{1A31F4C0-01B1-40D4-B749-F0A122D047BB}.Release|Any CPU.ActiveCfg = Release|Any CPU
		{1A31F4C0-01B1-40D4-B749-F0A122D047BB}.Release|Any CPU.Build.0 = Release|Any CPU
	EndGlobalSection
	GlobalSection(SolutionProperties) = preSolution
		HideSolutionNode = FALSE
	EndGlobalSection
	GlobalSection(NestedProjects) = preSolution
		{2C56380B-14E2-4D39-B63C-3395D3961927} = {080C473B-2824-44C6-8120-4E61270F28D1}
		{080C473B-2824-44C6-8120-4E61270F28D1} = {FF51674C-42D5-4237-A75D-10EC8D663D0B}
		{D3B49351-E7B0-4717-A03A-B81C4F421BBB} = {080C473B-2824-44C6-8120-4E61270F28D1}
		{273FA921-BF76-4A9D-9623-D1D66F5510AE} = {080C473B-2824-44C6-8120-4E61270F28D1}
		{4DD25494-D441-41B8-BDEF-B7266F9DDCC0} = {080C473B-2824-44C6-8120-4E61270F28D1}
		{EEECF66D-7C03-4BA4-BDE9-E7A389BD10BC} = {FF51674C-42D5-4237-A75D-10EC8D663D0B}
		{5506C191-9C44-489C-AE47-4D75E23FAEB3} = {EEECF66D-7C03-4BA4-BDE9-E7A389BD10BC}
		{1A31F4C0-01B1-40D4-B749-F0A122D047BB} = {EEECF66D-7C03-4BA4-BDE9-E7A389BD10BC}
		{CE6979B9-55F7-4D5B-A703-A7453261BB38} = {D3BFFF8A-3BCC-4C18-A841-E62D0936868A}
	EndGlobalSection
	GlobalSection(ExtensibilityGlobals) = postSolution
		SolutionGuid = {BEC00DE2-1256-415B-A4E3-59F75DCDE9EE}
	EndGlobalSection
EndGlobal
